
Microsoft Visual Studio Solution File, Format Version 12.00
# Visual Studio Version 17
VisualStudioVersion = 17.2.32516.85
MinimumVisualStudioVersion = 10.0.40219.1
Project("{FAE04EC0-301F-11D3-BF4B-00C04F79EFBC}") = "BlazorVillainsApp.Server", "BlazorVillainsApp\Server\BlazorVillainsApp.Server.csproj", "{905DE967-DA3B-4229-B18D-B029B8EA8489}"
EndProject
Project("{FAE04EC0-301F-11D3-BF4B-00C04F79EFBC}") = "BlazorVillainsApp.Client", "BlazorVillainsApp\Client\BlazorVillainsApp.Client.csproj", "{AAB25B83-103F-4CC5-B428-561D74B4D960}"
EndProject
Project("{FAE04EC0-301F-11D3-BF4B-00C04F79EFBC}") = "BlazorVillainsApp.Shared", "BlazorVillainsApp\Shared\BlazorVillainsApp.Shared.csproj", "{0E870D14-D71C-4689-A686-1A594D90F620}"
EndProject
Global
	GlobalSection(SolutionConfigurationPlatforms) = preSolution
		Debug|Any CPU = Debug|Any CPU
		Release|Any CPU = Release|Any CPU
	EndGlobalSection
	GlobalSection(ProjectConfigurationPlatforms) = postSolution
		{905DE967-DA3B-4229-B18D-B029B8EA8489}.Debug|Any CPU.ActiveCfg = Debug|Any CPU
		{905DE967-DA3B-4229-B18D-B029B8EA8489}.Debug|Any CPU.Build.0 = Debug|Any CPU
		{905DE967-DA3B-4229-B18D-B029B8EA8489}.Release|Any CPU.ActiveCfg = Release|Any CPU
		{905DE967-DA3B-4229-B18D-B029B8EA8489}.Release|Any CPU.Build.0 = Release|Any CPU
		{AAB25B83-103F-4CC5-B428-561D74B4D960}.Debug|Any CPU.ActiveCfg = Debug|Any CPU
		{AAB25B83-103F-4CC5-B428-561D74B4D960}.Debug|Any CPU.Build.0 = Debug|Any CPU
		{AAB25B83-103F-4CC5-B428-561D74B4D960}.Release|Any CPU.ActiveCfg = Release|Any CPU
		{AAB25B83-103F-4CC5-B428-561D74B4D960}.Release|Any CPU.Build.0 = Release|Any CPU
		{0E870D14-D71C-4689-A686-1A594D90F620}.Debug|Any CPU.ActiveCfg = Debug|Any CPU
		{0E870D14-D71C-4689-A686-1A594D90F620}.Debug|Any CPU.Build.0 = Debug|Any CPU
		{0E870D14-D71C-4689-A686-1A594D90F620}.Release|Any CPU.ActiveCfg = Release|Any CPU
		{0E870D14-D71C-4689-A686-1A594D90F620}.Release|Any CPU.Build.0 = Release|Any CPU
	EndGlobalSection
	GlobalSection(SolutionProperties) = preSolution
		HideSolutionNode = FALSE
	EndGlobalSection
	GlobalSection(ExtensibilityGlobals) = postSolution
		SolutionGuid = {C71EB2C7-0DD7-42C6-86A5-057146A144DC}
	EndGlobalSection
EndGlobal
